
Microsoft Visual Studio Solution File, Format Version 12.00
# Visual Studio Version 17
VisualStudioVersion = 17.9.34518.117
MinimumVisualStudioVersion = 10.0.40219.1
Project("{FAE04EC0-301F-11D3-BF4B-00C04F79EFBC}") = "NightmareXIVRepoUpdater", "NightmareXIVRepoUpdater\NightmareXIVRepoUpdater.csproj", "{BDC60C55-6D9E-438B-90C9-0CB3D861F03A}"
EndProject
Global
	GlobalSection(SolutionConfigurationPlatforms) = preSolution
		Debug|Any CPU = Debug|Any CPU
		Release|Any CPU = Release|Any CPU
	EndGlobalSection
	GlobalSection(ProjectConfigurationPlatforms) = postSolution
		{BDC60C55-6D9E-438B-90C9-0CB3D861F03A}.Debug|Any CPU.ActiveCfg = Debug|Any CPU
		{BDC60C55-6D9E-438B-90C9-0CB3D861F03A}.Debug|Any CPU.Build.0 = Debug|Any CPU
		{BDC60C55-6D9E-438B-90C9-0CB3D861F03A}.Release|Any CPU.ActiveCfg = Release|Any CPU
		{BDC60C55-6D9E-438B-90C9-0CB3D861F03A}.Release|Any CPU.Build.0 = Release|Any CPU
	EndGlobalSection
	GlobalSection(SolutionProperties) = preSolution
		HideSolutionNode = FALSE
	EndGlobalSection
	GlobalSection(ExtensibilityGlobals) = postSolution
		SolutionGuid = {6955036A-9608-4673-BCA8-CAECC9B867BD}
	EndGlobalSection
EndGlobal
